
Microsoft Visual Studio Solution File, Format Version 12.00
# Visual Studio Version 17
VisualStudioVersion = 17.5.33530.505
MinimumVisualStudioVersion = 10.0.40219.1
Project("{FAE04EC0-301F-11D3-BF4B-00C04F79EFBC}") = "HeroAPI", "ProjectAPI\HeroAPI.csproj", "{D11C7E6D-F371-44DA-86A2-D0A89999A2FE}"
EndProject
Global
	GlobalSection(SolutionConfigurationPlatforms) = preSolution
		Debug|Any CPU = Debug|Any CPU
		Release|Any CPU = Release|Any CPU
	EndGlobalSection
	GlobalSection(ProjectConfigurationPlatforms) = postSolution
		{D11C7E6D-F371-44DA-86A2-D0A89999A2FE}.Debug|Any CPU.ActiveCfg = Debug|Any CPU
		{D11C7E6D-F371-44DA-86A2-D0A89999A2FE}.Debug|Any CPU.Build.0 = Debug|Any CPU
		{D11C7E6D-F371-44DA-86A2-D0A89999A2FE}.Release|Any CPU.ActiveCfg = Release|Any CPU
		{D11C7E6D-F371-44DA-86A2-D0A89999A2FE}.Release|Any CPU.Build.0 = Release|Any CPU
	EndGlobalSection
	GlobalSection(SolutionProperties) = preSolution
		HideSolutionNode = FALSE
	EndGlobalSection
	GlobalSection(ExtensibilityGlobals) = postSolution
		SolutionGuid = {D5029CBD-0075-4A0E-8513-9D7641429F4A}
	EndGlobalSection
EndGlobal
